Microsoft Visual Studio Solution File, Format Version 7.00
Project("{8BC9CEB8-8B4A-11D0-8D11-00A0C91BC942}") = "encode", "encode.vcproj", "{B89AF785-CA8B-4254-A009-17712DBB7676}"
EndProject
Global
	GlobalSection(SolutionConfiguration) = preSolution
		ConfigName.0 = Debug
		ConfigName.1 = Release
	EndGlobalSection
	GlobalSection(ProjectDependencies) = postSolution
	EndGlobalSection
	GlobalSection(ProjectConfiguration) = postSolution
		{B89AF785-CA8B-4254-A009-17712DBB7676}.Debug.ActiveCfg = Debug|Win32
		{B89AF785-CA8B-4254-A009-17712DBB7676}.Debug.Build.0 = Debug|Win32
		{B89AF785-CA8B-4254-A009-17712DBB7676}.Release.ActiveCfg = Release|Win32
		{B89AF785-CA8B-4254-A009-17712DBB7676}.Release.Build.0 = Release|Win32
	EndGlobalSection
	GlobalSection(ExtensibilityGlobals) = postSolution
	EndGlobalSection
	GlobalSection(ExtensibilityAddIns) = postSolution
	EndGlobalSection
EndGlobal
