Microsoft Visual Studio Solution File, Format Version 8.00
Project("{8BC9CEB8-8B4A-11D0-8D11-00A0C91BC942}") = "DynSvc", "DynSvc.vcproj", "{7A899AC4-0FF8-4FCE-B377-578152906045}"
	ProjectSection(ProjectDependencies) = postProject
	EndProjectSection
EndProject
Project("{8BC9CEB8-8B4A-11D0-8D11-00A0C91BC942}") = "DynSvcIsapi", "..\DynSvcIsapi\DynSvcIsapi.vcproj", "{A30BF804-889B-4721-AAE0-EF34B27F6153}"
	ProjectSection(ProjectDependencies) = postProject
	EndProjectSection
EndProject
Project("{8BC9CEB8-8B4A-11D0-8D11-00A0C91BC942}") = "Add", "..\Add\Add.vcproj", "{736F4C9C-1926-4057-AE18-4BC0DA5E11D4}"
	ProjectSection(ProjectDependencies) = postProject
	EndProjectSection
EndProject
Project("{8BC9CEB8-8B4A-11D0-8D11-00A0C91BC942}") = "Multiply", "..\Multiply\Multiply.vcproj", "{4BEE0991-7B41-4E93-B599-E42DEC6FE92D}"
	ProjectSection(ProjectDependencies) = postProject
	EndProjectSection
EndProject
Global
	GlobalSection(SolutionConfiguration) = preSolution
		Debug = Debug
		Release = Release
	EndGlobalSection
	GlobalSection(ProjectConfiguration) = postSolution
		{7A899AC4-0FF8-4FCE-B377-578152906045}.Debug.ActiveCfg = Debug|Win32
		{7A899AC4-0FF8-4FCE-B377-578152906045}.Debug.Build.0 = Debug|Win32
		{7A899AC4-0FF8-4FCE-B377-578152906045}.Release.ActiveCfg = Release|Win32
		{7A899AC4-0FF8-4FCE-B377-578152906045}.Release.Build.0 = Release|Win32
		{A30BF804-889B-4721-AAE0-EF34B27F6153}.Debug.ActiveCfg = Debug|Win32
		{A30BF804-889B-4721-AAE0-EF34B27F6153}.Debug.Build.0 = Debug|Win32
		{A30BF804-889B-4721-AAE0-EF34B27F6153}.Release.ActiveCfg = Release|Win32
		{A30BF804-889B-4721-AAE0-EF34B27F6153}.Release.Build.0 = Release|Win32
		{736F4C9C-1926-4057-AE18-4BC0DA5E11D4}.Debug.ActiveCfg = Debug|Win32
		{736F4C9C-1926-4057-AE18-4BC0DA5E11D4}.Debug.Build.0 = Debug|Win32
		{736F4C9C-1926-4057-AE18-4BC0DA5E11D4}.Release.ActiveCfg = Release|Win32
		{736F4C9C-1926-4057-AE18-4BC0DA5E11D4}.Release.Build.0 = Release|Win32
		{4BEE0991-7B41-4E93-B599-E42DEC6FE92D}.Debug.ActiveCfg = Debug|Win32
		{4BEE0991-7B41-4E93-B599-E42DEC6FE92D}.Debug.Build.0 = Debug|Win32
		{4BEE0991-7B41-4E93-B599-E42DEC6FE92D}.Release.ActiveCfg = Release|Win32
		{4BEE0991-7B41-4E93-B599-E42DEC6FE92D}.Release.Build.0 = Release|Win32
	EndGlobalSection
	GlobalSection(ExtensibilityGlobals) = postSolution
	EndGlobalSection
	GlobalSection(ExtensibilityAddIns) = postSolution
	EndGlobalSection
EndGlobal
